[root]
name = "hello_world_macros"
version = "0.1.0"
dependencies = [
 "syntex 0.1.0",
 "syntex_syntax 0.1.0",
]

[[package]]
name = "syntex"
version = "0.1.0"
dependencies = [
 "syntex_syntax 0.1.0",
]

[[package]]
name = "syntex_bitflags"
version = "0.1.0"

[[package]]
name = "syntex_syntax"
version = "0.1.0"
dependencies = [
 "syntex_bitflags 0.1.0",
]

